
Microsoft Visual Studio Solution File, Format Version 12.00
# Visual Studio Version 17
VisualStudioVersion = 17.1.32328.378
MinimumVisualStudioVersion = 10.0.40219.1
Project("{FAE04EC0-301F-11D3-BF4B-00C04F79EFBC}") = "CRUD", "CRUD\CRUD.csproj", "{EDAED68B-599A-42F3-9800-A33EB803CB23}"
EndProject
Global
	GlobalSection(SolutionConfigurationPlatforms) = preSolution
		Debug|Any CPU = Debug|Any CPU
		Release|Any CPU = Release|Any CPU
	EndGlobalSection
	GlobalSection(ProjectConfigurationPlatforms) = postSolution
		{EDAED68B-599A-42F3-9800-A33EB803CB23}.Debug|Any CPU.ActiveCfg = Debug|Any CPU
		{EDAED68B-599A-42F3-9800-A33EB803CB23}.Debug|Any CPU.Build.0 = Debug|Any CPU
		{EDAED68B-599A-42F3-9800-A33EB803CB23}.Release|Any CPU.ActiveCfg = Release|Any CPU
		{EDAED68B-599A-42F3-9800-A33EB803CB23}.Release|Any CPU.Build.0 = Release|Any CPU
	EndGlobalSection
	GlobalSection(SolutionProperties) = preSolution
		HideSolutionNode = FALSE
	EndGlobalSection
	GlobalSection(ExtensibilityGlobals) = postSolution
		SolutionGuid = {6DB838B1-5150-44FD-B805-B41DC1FE82B2}
	EndGlobalSection
EndGlobal
